
Microsoft Visual Studio Solution File, Format Version 12.00
# Visual Studio Version 17
VisualStudioVersion = 17.12.35527.113
MinimumVisualStudioVersion = 10.0.40219.1
Project("{8BC9CEB8-8B4A-11D0-8D11-00A0C91BC942}") = "Project1", "Project1\Project1.vcxproj", "{F5E30D7B-0250-42AB-BA74-F2BA764E333E}"
EndProject
Project("{8BC9CEB8-8B4A-11D0-8D11-00A0C91BC942}") = "糖果分享游戏", "糖果分享游戏\糖果分享游戏.vcxproj", "{F094C4E8-6879-4392-AF7B-0B2610A6C0F9}"
EndProject
Project("{8BC9CEB8-8B4A-11D0-8D11-00A0C91BC942}") = "成绩排序", "成绩排序\成绩排序.vcxproj", "{6559CEC7-EB4A-4B98-9ECB-68096AD56A8F}"
EndProject
Project("{8BC9CEB8-8B4A-11D0-8D11-00A0C91BC942}") = "找位置", "找位置\找位置.vcxproj", "{7613E519-D3EF-45C5-B4FE-D2644B6A9FF0}"
EndProject
Project("{8BC9CEB8-8B4A-11D0-8D11-00A0C91BC942}") = "单词个数统计", "单词个数统计\单词个数统计.vcxproj", "{337E7B65-D516-4508-B663-0B79F86A0CB5}"
EndProject
Project("{8BC9CEB8-8B4A-11D0-8D11-00A0C91BC942}") = "浮点数加法", "浮点数加法\浮点数加法.vcxproj", "{AF41C661-0F85-4812-99E8-F2D29C1C68AE}"
EndProject
Project("{8BC9CEB8-8B4A-11D0-8D11-00A0C91BC942}") = "w的密码", "w的密码\w的密码.vcxproj", "{202F670A-04BF-4C16-A2AA-6AADAA0CD1CB}"
EndProject
Project("{8BC9CEB8-8B4A-11D0-8D11-00A0C91BC942}") = "约瑟夫问题", "约瑟夫问题\约瑟夫问题.vcxproj", "{7E9A2D5B-96FE-4D60-9BAF-8C6F835A325A}"
EndProject
Project("{8BC9CEB8-8B4A-11D0-8D11-00A0C91BC942}") = "括号匹配", "括号匹配\括号匹配.vcxproj", "{3759C21E-60D9-49A7-BB16-1016D6AC90B6}"
EndProject
Project("{8BC9CEB8-8B4A-11D0-8D11-00A0C91BC942}") = "计算表达式", "计算表达式\计算表达式.vcxproj", "{AC9F6B5B-2756-4C7D-96CD-C6FCE1ED9FD9}"
EndProject
Global
	GlobalSection(SolutionConfigurationPlatforms) = preSolution
		Debug|x64 = Debug|x64
		Debug|x86 = Debug|x86
		Release|x64 = Release|x64
		Release|x86 = Release|x86
	EndGlobalSection
	GlobalSection(ProjectConfigurationPlatforms) = postSolution
		{F5E30D7B-0250-42AB-BA74-F2BA764E333E}.Debug|x64.ActiveCfg = Debug|x64
		{F5E30D7B-0250-42AB-BA74-F2BA764E333E}.Debug|x64.Build.0 = Debug|x64
		{F5E30D7B-0250-42AB-BA74-F2BA764E333E}.Debug|x86.ActiveCfg = Debug|Win32
		{F5E30D7B-0250-42AB-BA74-F2BA764E333E}.Debug|x86.Build.0 = Debug|Win32
		{F5E30D7B-0250-42AB-BA74-F2BA764E333E}.Release|x64.ActiveCfg = Release|x64
		{F5E30D7B-0250-42AB-BA74-F2BA764E333E}.Release|x64.Build.0 = Release|x64
		{F5E30D7B-0250-42AB-BA74-F2BA764E333E}.Release|x86.ActiveCfg = Release|Win32
		{F5E30D7B-0250-42AB-BA74-F2BA764E333E}.Release|x86.Build.0 = Release|Win32
		{F094C4E8-6879-4392-AF7B-0B2610A6C0F9}.Debug|x64.ActiveCfg = Debug|x64
		{F094C4E8-6879-4392-AF7B-0B2610A6C0F9}.Debug|x64.Build.0 = Debug|x64
		{F094C4E8-6879-4392-AF7B-0B2610A6C0F9}.Debug|x86.ActiveCfg = Debug|Win32
		{F094C4E8-6879-4392-AF7B-0B2610A6C0F9}.Debug|x86.Build.0 = Debug|Win32
		{F094C4E8-6879-4392-AF7B-0B2610A6C0F9}.Release|x64.ActiveCfg = Release|x64
		{F094C4E8-6879-4392-AF7B-0B2610A6C0F9}.Release|x64.Build.0 = Release|x64
		{F094C4E8-6879-4392-AF7B-0B2610A6C0F9}.Release|x86.ActiveCfg = Release|Win32
		{F094C4E8-6879-4392-AF7B-0B2610A6C0F9}.Release|x86.Build.0 = Release|Win32
		{6559CEC7-EB4A-4B98-9ECB-68096AD56A8F}.Debug|x64.ActiveCfg = Debug|x64
		{6559CEC7-EB4A-4B98-9ECB-68096AD56A8F}.Debug|x64.Build.0 = Debug|x64
		{6559CEC7-EB4A-4B98-9ECB-68096AD56A8F}.Debug|x86.ActiveCfg = Debug|Win32
		{6559CEC7-EB4A-4B98-9ECB-68096AD56A8F}.Debug|x86.Build.0 = Debug|Win32
		{6559CEC7-EB4A-4B98-9ECB-68096AD56A8F}.Release|x64.ActiveCfg = Release|x64
		{6559CEC7-EB4A-4B98-9ECB-68096AD56A8F}.Release|x64.Build.0 = Release|x64
		{6559CEC7-EB4A-4B98-9ECB-68096AD56A8F}.Release|x86.ActiveCfg = Release|Win32
		{6559CEC7-EB4A-4B98-9ECB-68096AD56A8F}.Release|x86.Build.0 = Release|Win32
		{7613E519-D3EF-45C5-B4FE-D2644B6A9FF0}.Debug|x64.ActiveCfg = Debug|x64
		{7613E519-D3EF-45C5-B4FE-D2644B6A9FF0}.Debug|x64.Build.0 = Debug|x64
		{7613E519-D3EF-45C5-B4FE-D2644B6A9FF0}.Debug|x86.ActiveCfg = Debug|Win32
		{7613E519-D3EF-45C5-B4FE-D2644B6A9FF0}.Debug|x86.Build.0 = Debug|Win32
		{7613E519-D3EF-45C5-B4FE-D2644B6A9FF0}.Release|x64.ActiveCfg = Release|x64
		{7613E519-D3EF-45C5-B4FE-D2644B6A9FF0}.Release|x64.Build.0 = Release|x64
		{7613E519-D3EF-45C5-B4FE-D2644B6A9FF0}.Release|x86.ActiveCfg = Release|Win32
		{7613E519-D3EF-45C5-B4FE-D2644B6A9FF0}.Release|x86.Build.0 = Release|Win32
		{337E7B65-D516-4508-B663-0B79F86A0CB5}.Debug|x64.ActiveCfg = Debug|x64
		{337E7B65-D516-4508-B663-0B79F86A0CB5}.Debug|x64.Build.0 = Debug|x64
		{337E7B65-D516-4508-B663-0B79F86A0CB5}.Debug|x86.ActiveCfg = Debug|Win32
		{337E7B65-D516-4508-B663-0B79F86A0CB5}.Debug|x86.Build.0 = Debug|Win32
		{337E7B65-D516-4508-B663-0B79F86A0CB5}.Release|x64.ActiveCfg = Release|x64
		{337E7B65-D516-4508-B663-0B79F86A0CB5}.Release|x64.Build.0 = Release|x64
		{337E7B65-D516-4508-B663-0B79F86A0CB5}.Release|x86.ActiveCfg = Release|Win32
		{337E7B65-D516-4508-B663-0B79F86A0CB5}.Release|x86.Build.0 = Release|Win32
		{AF41C661-0F85-4812-99E8-F2D29C1C68AE}.Debug|x64.ActiveCfg = Debug|x64
		{AF41C661-0F85-4812-99E8-F2D29C1C68AE}.Debug|x64.Build.0 = Debug|x64
		{AF41C661-0F85-4812-99E8-F2D29C1C68AE}.Debug|x86.ActiveCfg = Debug|Win32
		{AF41C661-0F85-4812-99E8-F2D29C1C68AE}.Debug|x86.Build.0 = Debug|Win32
		{AF41C661-0F85-4812-99E8-F2D29C1C68AE}.Release|x64.ActiveCfg = Release|x64
		{AF41C661-0F85-4812-99E8-F2D29C1C68AE}.Release|x64.Build.0 = Release|x64
		{AF41C661-0F85-4812-99E8-F2D29C1C68AE}.Release|x86.ActiveCfg = Release|Win32
		{AF41C661-0F85-4812-99E8-F2D29C1C68AE}.Release|x86.Build.0 = Release|Win32
		{202F670A-04BF-4C16-A2AA-6AADAA0CD1CB}.Debug|x64.ActiveCfg = Debug|x64
		{202F670A-04BF-4C16-A2AA-6AADAA0CD1CB}.Debug|x64.Build.0 = Debug|x64
		{202F670A-04BF-4C16-A2AA-6AADAA0CD1CB}.Debug|x86.ActiveCfg = Debug|Win32
		{202F670A-04BF-4C16-A2AA-6AADAA0CD1CB}.Debug|x86.Build.0 = Debug|Win32
		{202F670A-04BF-4C16-A2AA-6AADAA0CD1CB}.Release|x64.ActiveCfg = Release|x64
		{202F670A-04BF-4C16-A2AA-6AADAA0CD1CB}.Release|x64.Build.0 = Release|x64
		{202F670A-04BF-4C16-A2AA-6AADAA0CD1CB}.Release|x86.ActiveCfg = Release|Win32
		{202F670A-04BF-4C16-A2AA-6AADAA0CD1CB}.Release|x86.Build.0 = Release|Win32
		{7E9A2D5B-96FE-4D60-9BAF-8C6F835A325A}.Debug|x64.ActiveCfg = Debug|x64
		{7E9A2D5B-96FE-4D60-9BAF-8C6F835A325A}.Debug|x64.Build.0 = Debug|x64
		{7E9A2D5B-96FE-4D60-9BAF-8C6F835A325A}.Debug|x86.ActiveCfg = Debug|Win32
		{7E9A2D5B-96FE-4D60-9BAF-8C6F835A325A}.Debug|x86.Build.0 = Debug|Win32
		{7E9A2D5B-96FE-4D60-9BAF-8C6F835A325A}.Release|x64.ActiveCfg = Release|x64
		{7E9A2D5B-96FE-4D60-9BAF-8C6F835A325A}.Release|x64.Build.0 = Release|x64
		{7E9A2D5B-96FE-4D60-9BAF-8C6F835A325A}.Release|x86.ActiveCfg = Release|Win32
		{7E9A2D5B-96FE-4D60-9BAF-8C6F835A325A}.Release|x86.Build.0 = Release|Win32
		{3759C21E-60D9-49A7-BB16-1016D6AC90B6}.Debug|x64.ActiveCfg = Debug|x64
		{3759C21E-60D9-49A7-BB16-1016D6AC90B6}.Debug|x64.Build.0 = Debug|x64
		{3759C21E-60D9-49A7-BB16-1016D6AC90B6}.Debug|x86.ActiveCfg = Debug|Win32
		{3759C21E-60D9-49A7-BB16-1016D6AC90B6}.Debug|x86.Build.0 = Debug|Win32
		{3759C21E-60D9-49A7-BB16-1016D6AC90B6}.Release|x64.ActiveCfg = Release|x64
		{3759C21E-60D9-49A7-BB16-1016D6AC90B6}.Release|x64.Build.0 = Release|x64
		{3759C21E-60D9-49A7-BB16-1016D6AC90B6}.Release|x86.ActiveCfg = Release|Win32
		{3759C21E-60D9-49A7-BB16-1016D6AC90B6}.Release|x86.Build.0 = Release|Win32
		{AC9F6B5B-2756-4C7D-96CD-C6FCE1ED9FD9}.Debug|x64.ActiveCfg = Debug|x64
		{AC9F6B5B-2756-4C7D-96CD-C6FCE1ED9FD9}.Debug|x64.Build.0 = Debug|x64
		{AC9F6B5B-2756-4C7D-96CD-C6FCE1ED9FD9}.Debug|x86.ActiveCfg = Debug|Win32
		{AC9F6B5B-2756-4C7D-96CD-C6FCE1ED9FD9}.Debug|x86.Build.0 = Debug|Win32
		{AC9F6B5B-2756-4C7D-96CD-C6FCE1ED9FD9}.Release|x64.ActiveCfg = Release|x64
		{AC9F6B5B-2756-4C7D-96CD-C6FCE1ED9FD9}.Release|x64.Build.0 = Release|x64
		{AC9F6B5B-2756-4C7D-96CD-C6FCE1ED9FD9}.Release|x86.ActiveCfg = Release|Win32
		{AC9F6B5B-2756-4C7D-96CD-C6FCE1ED9FD9}.Release|x86.Build.0 = Release|Win32
	EndGlobalSection
	GlobalSection(SolutionProperties) = preSolution
		HideSolutionNode = FALSE
	EndGlobalSection
EndGlobal
